
Microsoft Visual Studio Solution File, Format Version 12.00
# Visual Studio Version 16
VisualStudioVersion = 16.0.29009.5
MinimumVisualStudioVersion = 10.0.40219.1
Project("{FAE04EC0-301F-11D3-BF4B-00C04F79EFBC}") = "SuperWinDLX", "SuperWinDLX\SuperWinDLX.csproj", "{21FF9D7E-19A7-4156-9609-CC242D1FD37C}"
EndProject
Global
	GlobalSection(SolutionConfigurationPlatforms) = preSolution
		Debug|Any CPU = Debug|Any CPU
		Release|Any CPU = Release|Any CPU
	EndGlobalSection
	GlobalSection(ProjectConfigurationPlatforms) = postSolution
		{21FF9D7E-19A7-4156-9609-CC242D1FD37C}.Debug|Any CPU.ActiveCfg = Debug|Any CPU
		{21FF9D7E-19A7-4156-9609-CC242D1FD37C}.Debug|Any CPU.Build.0 = Debug|Any CPU
		{21FF9D7E-19A7-4156-9609-CC242D1FD37C}.Release|Any CPU.ActiveCfg = Release|Any CPU
		{21FF9D7E-19A7-4156-9609-CC242D1FD37C}.Release|Any CPU.Build.0 = Release|Any CPU
	EndGlobalSection
	GlobalSection(SolutionProperties) = preSolution
		HideSolutionNode = FALSE
	EndGlobalSection
	GlobalSection(ExtensibilityGlobals) = postSolution
		SolutionGuid = {F12F2DE8-D37B-4B33-8981-CF43ACBF9F9B}
	EndGlobalSection
EndGlobal
